<?xml version="1.0" encoding="utf-8"?>
<Project ToolsVersion="4.0" xmlns="http://schemas.microsoft.com/developer/msbuild/2003">
  <ItemGroup>
    <Filter Include="소스 파일">
      <UniqueIdentifier>{4FC737F1-C7A5-4376-A066-2A32D752A2FF}</UniqueIdentifier>
      <Extensions>cpp;c;cc;cxx;def;odl;idl;hpj;bat;asm;asmx</Extensions>
    </Filter>
    <Filter Include="헤더 파일">
      <UniqueIdentifier>{93995380-89BD-4b04-88EB-625FBE52EBFB}</UniqueIdentifier>
      <Extensions>h;hh;hpp;hxx;hm;inl;inc;xsd</Extensions>
    </Filter>
    <Filter Include="리소스 파일">
      <UniqueIdentifier>{67DA6AB6-F800-4c08-8B7A-83BB121AAD01}</UniqueIdentifier>
      <Extensions>rc;ico;cur;bmp;dlg;rc2;rct;bin;rgs;gif;jpg;jpeg;jpe;resx;tiff;tif;png;wav;mfcribbon-ms</Extensions>
    </Filter>
    <Filter Include="소스 파일\Shaders">
      <UniqueIdentifier>{aa86e47f-445f-4440-9a76-173363b46c4e}</UniqueIdentifier>
    </Filter>
    <Filter Include="소스 파일\GameObject">
      <UniqueIdentifier>{95a98946-b58b-489a-9bab-0e900605ed8a}</UniqueIdentifier>
    </Filter>
    <Filter Include="소스 파일\SceneManager">
      <UniqueIdentifier>{7465cb68-dee7-443f-9f00-986e6b930777}</UniqueIdentifier>
    </Filter>
    <Filter Include="소스 파일\GameTimer">
      <UniqueIdentifier>{3b8a4011-1c04-48d6-b56a-8a319b8de7f4}</UniqueIdentifier>
    </Filter>
    <Filter Include="소스 파일\GameObject\Bullet">
      <UniqueIdentifier>{ef8a601e-a1e2-405b-9c65-5645fe4ed3f5}</UniqueIdentifier>
    </Filter>
    <Filter Include="소스 파일\LoadPng">
      <UniqueIdentifier>{136cda6e-c07f-47d3-9b83-3370f3021933}</UniqueIdentifier>
    </Filter>
    <Filter Include="소스 파일\Renderer">
      <UniqueIdentifier>{9cb8dc81-b174-4cec-b23d-803671c3eb29}</UniqueIdentifier>
    </Filter>
    <Filter Include="소스 파일\GameObject\Buliding%28TEAM1%29">
      <UniqueIdentifier>{b0d17f54-9a61-4ecc-a487-53320cac1970}</UniqueIdentifier>
    </Filter>
    <Filter Include="소스 파일\GameObject\Buliding%28TEAM2%29">
      <UniqueIdentifier>{710edab3-d9d9-439c-863b-8283a06dfa9c}</UniqueIdentifier>
    </Filter>
    <Filter Include="소스 파일\GameObject\Monster%28TEAM1%29">
      <UniqueIdentifier>{9d7ca9b5-1caa-4abe-a107-722e07a0fd90}</UniqueIdentifier>
    </Filter>
    <Filter Include="소스 파일\GameObject\Monster%28TEAM2%29">
      <UniqueIdentifier>{fb2b0a4b-230c-4f64-968c-769ee2a69bc7}</UniqueIdentifier>
    </Filter>
  </ItemGroup>
  <ItemGroup>
    <Text Include="ReadMe.txt" />
  </ItemGroup>
  <ItemGroup>
    <ClInclude Include="stdafx.h">
      <Filter>헤더 파일</Filter>
    </ClInclude>
    <ClInclude Include="targetver.h">
      <Filter>헤더 파일</Filter>
    </ClInclude>
    <ClInclude Include="GameObject.h">
      <Filter>소스 파일\GameObject</Filter>
    </ClInclude>
    <ClInclude Include="Monster.h">
      <Filter>소스 파일\GameObject\Monster%28TEAM1%29</Filter>
    </ClInclude>
    <ClInclude Include="SceneManager.h">
      <Filter>소스 파일\SceneManager</Filter>
    </ClInclude>
    <ClInclude Include="GameTimer.h">
      <Filter>소스 파일\GameTimer</Filter>
    </ClInclude>
    <ClInclude Include="Bullet.h">
      <Filter>소스 파일\GameObject\Bullet</Filter>
    </ClInclude>
    <ClInclude Include="Buliding.h">
      <Filter>소스 파일\GameObject\Buliding%28TEAM1%29</Filter>
    </ClInclude>
    <ClInclude Include="LoadPng.h">
      <Filter>소스 파일\LoadPng</Filter>
    </ClInclude>
    <ClInclude Include="Renderer.h">
      <Filter>소스 파일\Renderer</Filter>
    </ClInclude>
    <ClInclude Include="Buliding2.h">
      <Filter>소스 파일\GameObject\Buliding%28TEAM2%29</Filter>
    </ClInclude>
    <ClInclude Include="Monster2.h">
      <Filter>소스 파일\GameObject\Monster%28TEAM2%29</Filter>
    </ClInclude>
  </ItemGroup>
  <ItemGroup>
    <ClCompile Include="stdafx.cpp">
      <Filter>소스 파일</Filter>
    </ClCompile>
    <ClCompile Include="SimpleGame.cpp">
      <Filter>소스 파일</Filter>
    </ClCompile>
    <ClCompile Include="GameObject.cpp">
      <Filter>소스 파일\GameObject</Filter>
    </ClCompile>
    <ClCompile Include="Monster.cpp">
      <Filter>소스 파일\GameObject\Monster%28TEAM1%29</Filter>
    </ClCompile>
    <ClCompile Include="SceneManager.cpp">
      <Filter>소스 파일\SceneManager</Filter>
    </ClCompile>
    <ClCompile Include="GameTimer.cpp">
      <Filter>소스 파일\GameTimer</Filter>
    </ClCompile>
    <ClCompile Include="Bullet.cpp">
      <Filter>소스 파일\GameObject\Bullet</Filter>
    </ClCompile>
    <ClCompile Include="Buliding.cpp">
      <Filter>소스 파일\GameObject\Buliding%28TEAM1%29</Filter>
    </ClCompile>
    <ClCompile Include="LoadPng.cpp">
      <Filter>소스 파일\LoadPng</Filter>
    </ClCompile>
    <ClCompile Include="Renderer.cpp">
      <Filter>소스 파일\Renderer</Filter>
    </ClCompile>
    <ClCompile Include="Buliding2.cpp">
      <Filter>소스 파일\GameObject\Buliding%28TEAM2%29</Filter>
    </ClCompile>
    <ClCompile Include="Monster2.cpp">
      <Filter>소스 파일\GameObject\Monster%28TEAM2%29</Filter>
    </ClCompile>
  </ItemGroup>
  <ItemGroup>
    <None Include="Shaders\SolidRect.fs">
      <Filter>소스 파일\Shaders</Filter>
    </None>
    <None Include="Shaders\SolidRect.vs">
      <Filter>소스 파일\Shaders</Filter>
    </None>
    <None Include="Shaders\SolidRectWithTexture.fs">
      <Filter>소스 파일\Shaders</Filter>
    </None>
    <None Include="Shaders\SolidRectWithTexture.vs">
      <Filter>소스 파일\Shaders</Filter>
    </None>
    <None Include="Shaders\SolidRectWithTextureSeq.fs">
      <Filter>소스 파일\Shaders</Filter>
    </None>
    <None Include="Shaders\SolidRectWithTextureSeq.vs">
      <Filter>소스 파일\Shaders</Filter>
    </None>
  </ItemGroup>
</Project>